
Microsoft Visual Studio Solution File, Format Version 12.00
# Visual Studio Version 17
VisualStudioVersion = 17.5.33530.505
MinimumVisualStudioVersion = 10.0.40219.1
Project("{FAE04EC0-301F-11D3-BF4B-00C04F79EFBC}") = "G2-Evaluation-Manager", "G2-Evaluation-Manager\G2-Evaluation-Manager.csproj", "{AB228DA4-0C74-44AE-9E0D-E1F02B3C20C0}"
EndProject
Global
	GlobalSection(SolutionConfigurationPlatforms) = preSolution
		Debug|Any CPU = Debug|Any CPU
		Release|Any CPU = Release|Any CPU
	EndGlobalSection
	GlobalSection(ProjectConfigurationPlatforms) = postSolution
		{AB228DA4-0C74-44AE-9E0D-E1F02B3C20C0}.Debug|Any CPU.ActiveCfg = Debug|Any CPU
		{AB228DA4-0C74-44AE-9E0D-E1F02B3C20C0}.Debug|Any CPU.Build.0 = Debug|Any CPU
		{AB228DA4-0C74-44AE-9E0D-E1F02B3C20C0}.Release|Any CPU.ActiveCfg = Release|Any CPU
		{AB228DA4-0C74-44AE-9E0D-E1F02B3C20C0}.Release|Any CPU.Build.0 = Release|Any CPU
	EndGlobalSection
	GlobalSection(SolutionProperties) = preSolution
		HideSolutionNode = FALSE
	EndGlobalSection
	GlobalSection(ExtensibilityGlobals) = postSolution
		SolutionGuid = {E4E21D24-0526-42F3-AE4F-197A5B1F98DA}
	EndGlobalSection
EndGlobal
